PODS:
  - CoreParse (1.1)
  - InnerBand (1.0.7)
  - KIF (3.0.3):
    - KIF/XCTest
  - KIF/XCTest (3.0.3)
  - NUI (0.5.3):
    - CoreParse
  - OCHamcrest (3.0.1)
  - OCMock (2.2.4)
  - SAMTextView (0.2.1)
  - TPKeyboardAvoiding (1.2.3)

DEPENDENCIES:
  - CoreParse (from `git@github.com:phatmann/CoreParse.git`, branch `pod`)
  - InnerBand (from `git@github.com:phatmann/InnerBand.git`)
  - KIF
  - NUI (from `git@github.com:phatmann/nui.git`)
  - OCHamcrest
  - OCMock
  - SAMTextView
  - TPKeyboardAvoiding

EXTERNAL SOURCES:
  CoreParse:
    :branch: pod
    :git: git@github.com:phatmann/CoreParse.git
  InnerBand:
    :git: git@github.com:phatmann/InnerBand.git
  NUI:
    :git: git@github.com:phatmann/nui.git

SPEC CHECKSUMS:
  CoreParse: c8da33c94916683f2448e3cbc51ced058aa68c45
  InnerBand: a1dce796b91d7e89035a03fbe0437f025ff0c9d1
  KIF: 908d9a64faa939ad96581c90f9cc256649a2014a
  NUI: 888ab639871c9c0bb7a64d08c204a1f97feb37d1
  OCHamcrest: 782c52ae8c673e5d6060a65005cfd26d20d519ba
  OCMock: 5008fae4b4789b8fc3e48cd7660f2eb5ef8ce89e
  SAMTextView: f0dae9662a7cc45e890eb2b24aa1769148ea2933
  TPKeyboardAvoiding: 17995aaa6db26ac2a9fa8714a86509c5888f0392

COCOAPODS: 0.31.1
