// !$*UTF8*$!
{
	archiveVersion = 1;
	classes = {
	};
	objectVersion = 46;
	objects = {

/* Begin PBXBuildFile section */
		BEDA4BF7CDB24C2E98718580 /* libPods-Kuriku.a in Frameworks */ = {isa = PBXBuildFile; fileRef = 9F11D2E34FF94EF8A9986734 /* libPods-Kuriku.a */; };
		DE7A63101C6B4DF4BE1E0339 /* libPods-KurikuTests.a in Frameworks */ = {isa = PBXBuildFile; fileRef = 0CD806017E3940ACA394F92F /* libPods-KurikuTests.a */; };
		EA048CAA1860832500990957 /* Todo.m in Sources */ = {isa = PBXBuildFile; fileRef = EA048CA91860832500990957 /* Todo.m */; };
		EA048CBF1860C93600990957 /* EntryCell.m in Sources */ = {isa = PBXBuildFile; fileRef = EA048CBE1860C93600990957 /* EntryCell.m */; };
		EA10F1271861B2FF0084F6C8 /* TODO.md in Resources */ = {isa = PBXBuildFile; fileRef = EA10F1261861B2FF0084F6C8 /* TODO.md */; };
		EA116BB219098FE7005EA252 /* GradientBar.m in Sources */ = {isa = PBXBuildFile; fileRef = EA116BB119098FE7005EA252 /* GradientBar.m */; };
		EA20528A187AE04F00B8330B /* TMGrowingTextView.m in Sources */ = {isa = PBXBuildFile; fileRef = EA205289187AE04F00B8330B /* TMGrowingTextView.m */; };
		EA3C0C0B187029BF00EF1DAC /* RepeatViewController.m in Sources */ = {isa = PBXBuildFile; fileRef = EA3C0C0A187029BF00EF1DAC /* RepeatViewController.m */; };
		EA5386AC1900A37F00D6266A /* NSDate+Kuriku.m in Sources */ = {isa = PBXBuildFile; fileRef = EA5386AB1900A37F00D6266A /* NSDate+Kuriku.m */; };
		EA7307311889F0F5008C8F39 /* Kuriku.nss in Resources */ = {isa = PBXBuildFile; fileRef = EA7307301889F0F5008C8F39 /* Kuriku.nss */; };
		EA737BD8187676B6003A1BBE /* JournalTests.m in Sources */ = {isa = PBXBuildFile; fileRef = EA737BD7187676B6003A1BBE /* JournalTests.m */; };
		EA737BDA187676FD003A1BBE /* EntryTests.m in Sources */ = {isa = PBXBuildFile; fileRef = EA737BD9187676FD003A1BBE /* EntryTests.m */; };
		EA89E750185C136400643266 /* CoreData.framework in Frameworks */ = {isa = PBXBuildFile; fileRef = EA89E74F185C136400643266 /* CoreData.framework */; };
		EAAC95501858F7D400E8BAB5 /* Foundation.framework in Frameworks */ = {isa = PBXBuildFile; fileRef = EAAC954F1858F7D400E8BAB5 /* Foundation.framework */; };
		EAAC95521858F7D400E8BAB5 /* CoreGraphics.framework in Frameworks */ = {isa = PBXBuildFile; fileRef = EAAC95511858F7D400E8BAB5 /* CoreGraphics.framework */; };
		EAAC95541858F7D400E8BAB5 /* UIKit.framework in Frameworks */ = {isa = PBXBuildFile; fileRef = EAAC95531858F7D400E8BAB5 /* UIKit.framework */; };
		EAAC955A1858F7D400E8BAB5 /* InfoPlist.strings in Resources */ = {isa = PBXBuildFile; fileRef = EAAC95581858F7D400E8BAB5 /* InfoPlist.strings */; };
		EAAC955C1858F7D400E8BAB5 /* main.m in Sources */ = {isa = PBXBuildFile; fileRef = EAAC955B1858F7D400E8BAB5 /* main.m */; };
		EAAC95601858F7D400E8BAB5 /* KurikuAppDelegate.m in Sources */ = {isa = PBXBuildFile; fileRef = EAAC955F1858F7D400E8BAB5 /* KurikuAppDelegate.m */; };
		EAAC95631858F7D400E8BAB5 /* Main_iPhone.storyboard in Resources */ = {isa = PBXBuildFile; fileRef = EAAC95611858F7D400E8BAB5 /* Main_iPhone.storyboard */; };
		EAAC95691858F7D400E8BAB5 /* JournalViewController.m in Sources */ = {isa = PBXBuildFile; fileRef = EAAC95681858F7D400E8BAB5 /* JournalViewController.m */; };
		EAAC956E1858F7D400E8BAB5 /* Images.xcassets in Resources */ = {isa = PBXBuildFile; fileRef = EAAC956D1858F7D400E8BAB5 /* Images.xcassets */; };
		EAAC95751858F7D400E8BAB5 /* XCTest.framework in Frameworks */ = {isa = PBXBuildFile; fileRef = EAAC95741858F7D400E8BAB5 /* XCTest.framework */; };
		EAAC95761858F7D400E8BAB5 /* Foundation.framework in Frameworks */ = {isa = PBXBuildFile; fileRef = EAAC954F1858F7D400E8BAB5 /* Foundation.framework */; };
		EAAC95771858F7D400E8BAB5 /* UIKit.framework in Frameworks */ = {isa = PBXBuildFile; fileRef = EAAC95531858F7D400E8BAB5 /* UIKit.framework */; };
		EAAC957F1858F7D400E8BAB5 /* InfoPlist.strings in Resources */ = {isa = PBXBuildFile; fileRef = EAAC957D1858F7D400E8BAB5 /* InfoPlist.strings */; };
		EAAC95811858F7D400E8BAB5 /* TodoTests.m in Sources */ = {isa = PBXBuildFile; fileRef = EAAC95801858F7D400E8BAB5 /* TodoTests.m */; };
		EAAC9591185936A300E8BAB5 /* Journal.m in Sources */ = {isa = PBXBuildFile; fileRef = EAAC9590185936A300E8BAB5 /* Journal.m */; };
		EAAC9594185936A400E8BAB5 /* Entry.m in Sources */ = {isa = PBXBuildFile; fileRef = EAAC9593185936A400E8BAB5 /* Entry.m */; };
		EAAEEB1B187E1EE80098C4F0 /* Kuriku.xcdatamodeld in Sources */ = {isa = PBXBuildFile; fileRef = EAAEEB0E187E1EE80098C4F0 /* Kuriku.xcdatamodeld */; };
		EAB280E619100EC5002DCA46 /* TMExtras.c in Sources */ = {isa = PBXBuildFile; fileRef = EAB280E519100EC5002DCA46 /* TMExtras.c */; };
		EABAAC94186B702D00F2FBE6 /* DatePickerViewController.m in Sources */ = {isa = PBXBuildFile; fileRef = EABAAC93186B702D00F2FBE6 /* DatePickerViewController.m */; };
		EAC10B8E19130FF500ABBDB2 /* GlowView.m in Sources */ = {isa = PBXBuildFile; fileRef = EAC10B8D19130FF500ABBDB2 /* GlowView.m */; };
/* End PBXBuildFile section */

/* Begin PBXContainerItemProxy section */
		EAAC95781858F7D400E8BAB5 /* PBXContainerItemProxy */ = {
			isa = PBXContainerItemProxy;
			containerPortal = EAAC95441858F7D400E8BAB5 /* Project object */;
			proxyType = 1;
			remoteGlobalIDString = EAAC954B1858F7D400E8BAB5;
			remoteInfo = Kuriku;
		};
/* End PBXContainerItemProxy section */

/* Begin PBXFileReference section */
		0CD806017E3940ACA394F92F /* libPods-KurikuTests.a */ = {isa = PBXFileReference; explicitFileType = archive.ar; includeInIndex = 0; path = "libPods-KurikuTests.a"; sourceTree = BUILT_PRODUCTS_DIR; };
		21929118DB794CAF90B0487F /* Pods-Kuriku.xcconfig */ = {isa = PBXFileReference; includeInIndex = 1; lastKnownFileType = text.xcconfig; name = "Pods-Kuriku.xcconfig"; path = "Pods/Pods-Kuriku.xcconfig"; sourceTree = "<group>"; };
		8472E83811B44911987F73B3 /* Pods-KurikuTests.xcconfig */ = {isa = PBXFileReference; includeInIndex = 1; lastKnownFileType = text.xcconfig; name = "Pods-KurikuTests.xcconfig"; path = "Pods/Pods-KurikuTests.xcconfig"; sourceTree = "<group>"; };
		9F11D2E34FF94EF8A9986734 /* libPods-Kuriku.a */ = {isa = PBXFileReference; explicitFileType = archive.ar; includeInIndex = 0; path = "libPods-Kuriku.a"; sourceTree = BUILT_PRODUCTS_DIR; };
		EA025E5118F8F25B000C9214 /* Kuriku16.xcdatamodel */ = {isa = PBXFileReference; lastKnownFileType = wrapper.xcdatamodel; path = Kuriku16.xcdatamodel; sourceTree = "<group>"; };
		EA048CA81860831E00990957 /* Todo.h */ = {isa = PBXFileReference; fileEncoding = 4; lastKnownFileType = sourcecode.c.h; path = Todo.h; sourceTree = "<group>"; };
		EA048CA91860832500990957 /* Todo.m */ = {isa = PBXFileReference; fileEncoding = 4; lastKnownFileType = sourcecode.c.objc; path = Todo.m; sourceTree = "<group>"; };
		EA048CBD1860C92A00990957 /* EntryCell.h */ = {isa = PBXFileReference; fileEncoding = 4; lastKnownFileType = sourcecode.c.h; path = EntryCell.h; sourceTree = "<group>"; };
		EA048CBE1860C93600990957 /* EntryCell.m */ = {isa = PBXFileReference; fileEncoding = 4; lastKnownFileType = sourcecode.c.objc; path = EntryCell.m; sourceTree = "<group>"; };
		EA10F1261861B2FF0084F6C8 /* TODO.md */ = {isa = PBXFileReference; fileEncoding = 4; lastKnownFileType = text; path = TODO.md; sourceTree = "<group>"; };
		EA116BB019098FE7005EA252 /* GradientBar.h */ = {isa = PBXFileReference; fileEncoding = 4; lastKnownFileType = sourcecode.c.h; path = GradientBar.h; sourceTree = "<group>"; };
		EA116BB119098FE7005EA252 /* GradientBar.m */ = {isa = PBXFileReference; fileEncoding = 4; lastKnownFileType = sourcecode.c.objc; path = GradientBar.m; sourceTree = "<group>"; };
		EA205288187AE04F00B8330B /* TMGrowingTextView.h */ = {isa = PBXFileReference; fileEncoding = 4; lastKnownFileType = sourcecode.c.h; path = TMGrowingTextView.h; sourceTree = "<group>"; };
		EA205289187AE04F00B8330B /* TMGrowingTextView.m */ = {isa = PBXFileReference; fileEncoding = 4; lastKnownFileType = sourcecode.c.objc; path = TMGrowingTextView.m; sourceTree = "<group>"; };
		EA3C0C09187029BF00EF1DAC /* RepeatViewController.h */ = {isa = PBXFileReference; fileEncoding = 4; lastKnownFileType = sourcecode.c.h; path = RepeatViewController.h; sourceTree = "<group>"; };
		EA3C0C0A187029BF00EF1DAC /* RepeatViewController.m */ = {isa = PBXFileReference; fileEncoding = 4; lastKnownFileType = sourcecode.c.objc; path = RepeatViewController.m; sourceTree = "<group>"; };
		EA40F7A11873F7E9005DC6AA /* CoreText.framework */ = {isa = PBXFileReference; lastKnownFileType = wrapper.framework; name = CoreText.framework; path = System/Library/Frameworks/CoreText.framework; sourceTree = SDKROOT; };
		EA40F7A31873F7EF005DC6AA /* QuartzCore.framework */ = {isa = PBXFileReference; lastKnownFileType = wrapper.framework; name = QuartzCore.framework; path = System/Library/Frameworks/QuartzCore.framework; sourceTree = SDKROOT; };
		EA44731718FDDA2900231321 /* Kuriku19.xcdatamodel */ = {isa = PBXFileReference; lastKnownFileType = wrapper.xcdatamodel; path = Kuriku19.xcdatamodel; sourceTree = "<group>"; };
		EA44731E18FEF1B800231321 /* Kuriku20.xcdatamodel */ = {isa = PBXFileReference; lastKnownFileType = wrapper.xcdatamodel; path = Kuriku20.xcdatamodel; sourceTree = "<group>"; };
		EA490C9B18FD66FE0083660B /* Kuriku18.xcdatamodel */ = {isa = PBXFileReference; lastKnownFileType = wrapper.xcdatamodel; path = Kuriku18.xcdatamodel; sourceTree = "<group>"; };
		EA5386AA1900A37F00D6266A /* NSDate+Kuriku.h */ = {isa = PBXFileReference; fileEncoding = 4; lastKnownFileType = sourcecode.c.h; path = "NSDate+Kuriku.h"; sourceTree = "<group>"; };
		EA5386AB1900A37F00D6266A /* NSDate+Kuriku.m */ = {isa = PBXFileReference; fileEncoding = 4; lastKnownFileType = sourcecode.c.objc; path = "NSDate+Kuriku.m"; sourceTree = "<group>"; };
		EA589AF618FC5D6800B040D1 /* Kuriku17.xcdatamodel */ = {isa = PBXFileReference; lastKnownFileType = wrapper.xcdatamodel; path = Kuriku17.xcdatamodel; sourceTree = "<group>"; };
		EA61241818EED35000DE8E75 /* Kuriku15.xcdatamodel */ = {isa = PBXFileReference; lastKnownFileType = wrapper.xcdatamodel; path = Kuriku15.xcdatamodel; sourceTree = "<group>"; };
		EA7307301889F0F5008C8F39 /* Kuriku.nss */ = {isa = PBXFileReference; fileEncoding = 4; lastKnownFileType = text; path = Kuriku.nss; sourceTree = "<group>"; };
		EA737BD7187676B6003A1BBE /* JournalTests.m */ = {isa = PBXFileReference; fileEncoding = 4; lastKnownFileType = sourcecode.c.objc; path = JournalTests.m; sourceTree = "<group>"; };
		EA737BD9187676FD003A1BBE /* EntryTests.m */ = {isa = PBXFileReference; fileEncoding = 4; lastKnownFileType = sourcecode.c.objc; path = EntryTests.m; sourceTree = "<group>"; };
		EA8267C11880886900CC6DE3 /* Kuriku14.xcdatamodel */ = {isa = PBXFileReference; lastKnownFileType = wrapper.xcdatamodel; path = Kuriku14.xcdatamodel; sourceTree = "<group>"; };
		EA89E74F185C136400643266 /* CoreData.framework */ = {isa = PBXFileReference; lastKnownFileType = wrapper.framework; name = CoreData.framework; path = System/Library/Frameworks/CoreData.framework; sourceTree = SDKROOT; };
		EAAC954C1858F7D400E8BAB5 /* Kuriku.app */ = {isa = PBXFileReference; explicitFileType = wrapper.application; includeInIndex = 0; path = Kuriku.app; sourceTree = BUILT_PRODUCTS_DIR; };
		EAAC954F1858F7D400E8BAB5 /* Foundation.framework */ = {isa = PBXFileReference; lastKnownFileType = wrapper.framework; name = Foundation.framework; path = System/Library/Frameworks/Foundation.framework; sourceTree = SDKROOT; };
		EAAC95511858F7D400E8BAB5 /* CoreGraphics.framework */ = {isa = PBXFileReference; lastKnownFileType = wrapper.framework; name = CoreGraphics.framework; path = System/Library/Frameworks/CoreGraphics.framework; sourceTree = SDKROOT; };
		EAAC95531858F7D400E8BAB5 /* UIKit.framework */ = {isa = PBXFileReference; lastKnownFileType = wrapper.framework; name = UIKit.framework; path = System/Library/Frameworks/UIKit.framework; sourceTree = SDKROOT; };
		EAAC95571858F7D400E8BAB5 /* Kuriku-Info.plist */ = {isa = PBXFileReference; lastKnownFileType = text.plist.xml; path = "Kuriku-Info.plist"; sourceTree = "<group>"; };
		EAAC95591858F7D400E8BAB5 /* en */ = {isa = PBXFileReference; lastKnownFileType = text.plist.strings; name = en; path = en.lproj/InfoPlist.strings; sourceTree = "<group>"; };
		EAAC955B1858F7D400E8BAB5 /* main.m */ = {isa = PBXFileReference; lastKnownFileType = sourcecode.c.objc; path = main.m; sourceTree = "<group>"; };
		EAAC955D1858F7D400E8BAB5 /* Kuriku-Prefix.pch */ = {isa = PBXFileReference; lastKnownFileType = sourcecode.c.h; path = "Kuriku-Prefix.pch"; sourceTree = "<group>"; };
		EAAC955E1858F7D400E8BAB5 /* KurikuAppDelegate.h */ = {isa = PBXFileReference; lastKnownFileType = sourcecode.c.h; path = KurikuAppDelegate.h; sourceTree = "<group>"; };
		EAAC955F1858F7D400E8BAB5 /* KurikuAppDelegate.m */ = {isa = PBXFileReference; lastKnownFileType = sourcecode.c.objc; path = KurikuAppDelegate.m; sourceTree = "<group>"; };
		EAAC95621858F7D400E8BAB5 /* Base */ = {isa = PBXFileReference; lastKnownFileType = file.storyboard; name = Base; path = Base.lproj/Main_iPhone.storyboard; sourceTree = "<group>"; };
		EAAC95671858F7D400E8BAB5 /* JournalViewController.h */ = {isa = PBXFileReference; lastKnownFileType = sourcecode.c.h; path = JournalViewController.h; sourceTree = "<group>"; };
		EAAC95681858F7D400E8BAB5 /* JournalViewController.m */ = {isa = PBXFileReference; lastKnownFileType = sourcecode.c.objc; path = JournalViewController.m; sourceTree = "<group>"; };
		EAAC956D1858F7D400E8BAB5 /* Images.xcassets */ = {isa = PBXFileReference; lastKnownFileType = folder.assetcatalog; path = Images.xcassets; sourceTree = "<group>"; };
		EAAC95731858F7D400E8BAB5 /* KurikuTests.xctest */ = {isa = PBXFileReference; explicitFileType = wrapper.cfbundle; includeInIndex = 0; path = KurikuTests.xctest; sourceTree = BUILT_PRODUCTS_DIR; };
		EAAC95741858F7D400E8BAB5 /* XCTest.framework */ = {isa = PBXFileReference; lastKnownFileType = wrapper.framework; name = XCTest.framework; path = Library/Frameworks/XCTest.framework; sourceTree = DEVELOPER_DIR; };
		EAAC957C1858F7D400E8BAB5 /* KurikuTests-Info.plist */ = {isa = PBXFileReference; lastKnownFileType = text.plist.xml; path = "KurikuTests-Info.plist"; sourceTree = "<group>"; };
		EAAC957E1858F7D400E8BAB5 /* en */ = {isa = PBXFileReference; lastKnownFileType = text.plist.strings; name = en; path = en.lproj/InfoPlist.strings; sourceTree = "<group>"; };
		EAAC95801858F7D400E8BAB5 /* TodoTests.m */ = {isa = PBXFileReference; lastKnownFileType = sourcecode.c.objc; path = TodoTests.m; sourceTree = "<group>"; };
		EAAC958F185936A300E8BAB5 /* Journal.h */ = {isa = PBXFileReference; fileEncoding = 4; lastKnownFileType = sourcecode.c.h; path = Journal.h; sourceTree = "<group>"; };
		EAAC9590185936A300E8BAB5 /* Journal.m */ = {isa = PBXFileReference; fileEncoding = 4; lastKnownFileType = sourcecode.c.objc; path = Journal.m; sourceTree = "<group>"; };
		EAAC9592185936A400E8BAB5 /* Entry.h */ = {isa = PBXFileReference; fileEncoding = 4; lastKnownFileType = sourcecode.c.h; path = Entry.h; sourceTree = "<group>"; };
		EAAC9593185936A400E8BAB5 /* Entry.m */ = {isa = PBXFileReference; fileEncoding = 4; lastKnownFileType = sourcecode.c.objc; path = Entry.m; sourceTree = "<group>"; };
		EAAEEB0F187E1EE80098C4F0 /* Kuriku01.xcdatamodel */ = {isa = PBXFileReference; lastKnownFileType = wrapper.xcdatamodel; path = Kuriku01.xcdatamodel; sourceTree = "<group>"; };
		EAAEEB10187E1EE80098C4F0 /* Kuriku10.xcdatamodel */ = {isa = PBXFileReference; lastKnownFileType = wrapper.xcdatamodel; path = Kuriku10.xcdatamodel; sourceTree = "<group>"; };
		EAAEEB11187E1EE80098C4F0 /* Kuriku11.xcdatamodel */ = {isa = PBXFileReference; lastKnownFileType = wrapper.xcdatamodel; path = Kuriku11.xcdatamodel; sourceTree = "<group>"; };
		EAAEEB12187E1EE80098C4F0 /* Kuriku12.xcdatamodel */ = {isa = PBXFileReference; lastKnownFileType = wrapper.xcdatamodel; path = Kuriku12.xcdatamodel; sourceTree = "<group>"; };
		EAAEEB13187E1EE80098C4F0 /* Kuriku02.xcdatamodel */ = {isa = PBXFileReference; lastKnownFileType = wrapper.xcdatamodel; path = Kuriku02.xcdatamodel; sourceTree = "<group>"; };
		EAAEEB14187E1EE80098C4F0 /* Kuriku03.xcdatamodel */ = {isa = PBXFileReference; lastKnownFileType = wrapper.xcdatamodel; path = Kuriku03.xcdatamodel; sourceTree = "<group>"; };
		EAAEEB15187E1EE80098C4F0 /* Kuriku04.xcdatamodel */ = {isa = PBXFileReference; lastKnownFileType = wrapper.xcdatamodel; path = Kuriku04.xcdatamodel; sourceTree = "<group>"; };
		EAAEEB16187E1EE80098C4F0 /* Kuriku05.xcdatamodel */ = {isa = PBXFileReference; lastKnownFileType = wrapper.xcdatamodel; path = Kuriku05.xcdatamodel; sourceTree = "<group>"; };
		EAAEEB17187E1EE80098C4F0 /* Kuriku06.xcdatamodel */ = {isa = PBXFileReference; lastKnownFileType = wrapper.xcdatamodel; path = Kuriku06.xcdatamodel; sourceTree = "<group>"; };
		EAAEEB18187E1EE80098C4F0 /* Kuriku07.xcdatamodel */ = {isa = PBXFileReference; lastKnownFileType = wrapper.xcdatamodel; path = Kuriku07.xcdatamodel; sourceTree = "<group>"; };
		EAAEEB19187E1EE80098C4F0 /* Kuriku08.xcdatamodel */ = {isa = PBXFileReference; lastKnownFileType = wrapper.xcdatamodel; path = Kuriku08.xcdatamodel; sourceTree = "<group>"; };
		EAAEEB1A187E1EE80098C4F0 /* Kuriku09.xcdatamodel */ = {isa = PBXFileReference; lastKnownFileType = wrapper.xcdatamodel; path = Kuriku09.xcdatamodel; sourceTree = "<group>"; };
		EAAEEB22187FFE6A0098C4F0 /* Kuriku13.xcdatamodel */ = {isa = PBXFileReference; lastKnownFileType = wrapper.xcdatamodel; path = Kuriku13.xcdatamodel; sourceTree = "<group>"; };
		EAB280E419100E6A002DCA46 /* TMExtras.h */ = {isa = PBXFileReference; lastKnownFileType = sourcecode.c.h; path = TMExtras.h; sourceTree = "<group>"; };
		EAB280E519100EC5002DCA46 /* TMExtras.c */ = {isa = PBXFileReference; fileEncoding = 4; lastKnownFileType = sourcecode.c.c; path = TMExtras.c; sourceTree = "<group>"; };
		EABAAC92186B702D00F2FBE6 /* DatePickerViewController.h */ = {isa = PBXFileReference; fileEncoding = 4; lastKnownFileType = sourcecode.c.h; path = DatePickerViewController.h; sourceTree = "<group>"; };
		EABAAC93186B702D00F2FBE6 /* DatePickerViewController.m */ = {isa = PBXFileReference; fileEncoding = 4; lastKnownFileType = sourcecode.c.objc; path = DatePickerViewController.m; sourceTree = "<group>"; };
		EAC10B8C19130FF500ABBDB2 /* GlowView.h */ = {isa = PBXFileReference; fileEncoding = 4; lastKnownFileType = sourcecode.c.h; path = GlowView.h; sourceTree = "<group>"; };
		EAC10B8D19130FF500ABBDB2 /* GlowView.m */ = {isa = PBXFileReference; fileEncoding = 4; lastKnownFileType = sourcecode.c.objc; path = GlowView.m; sourceTree = "<group>"; };
/* End PBXFileReference section */

/* Begin PBXFrameworksBuildPhase section */
		EAAC95491858F7D400E8BAB5 /* Frameworks */ = {
			isa = PBXFrameworksBuildPhase;
			buildActionMask = 2147483647;
			files = (
				EA89E750185C136400643266 /* CoreData.framework in Frameworks */,
				EAAC95521858F7D400E8BAB5 /* CoreGraphics.framework in Frameworks */,
				EAAC95541858F7D400E8BAB5 /* UIKit.framework in Frameworks */,
				EAAC95501858F7D400E8BAB5 /* Foundation.framework in Frameworks */,
				BEDA4BF7CDB24C2E98718580 /* libPods-Kuriku.a in Frameworks */,
			);
			runOnlyForDeploymentPostprocessing = 0;
		};
		EAAC95701858F7D400E8BAB5 /* Frameworks */ = {
			isa = PBXFrameworksBuildPhase;
			buildActionMask = 2147483647;
			files = (
				EAAC95751858F7D400E8BAB5 /* XCTest.framework in Frameworks */,
				EAAC95771858F7D400E8BAB5 /* UIKit.framework in Frameworks */,
				EAAC95761858F7D400E8BAB5 /* Foundation.framework in Frameworks */,
				DE7A63101C6B4DF4BE1E0339 /* libPods-KurikuTests.a in Frameworks */,
			);
			runOnlyForDeploymentPostprocessing = 0;
		};
/* End PBXFrameworksBuildPhase section */

/* Begin PBXGroup section */
		EA048CAB186083FF00990957 /* Data */ = {
			isa = PBXGroup;
			children = (
				EAAEEB0E187E1EE80098C4F0 /* Kuriku.xcdatamodeld */,
				EAAC958F185936A300E8BAB5 /* Journal.h */,
				EAAC9590185936A300E8BAB5 /* Journal.m */,
				EAAC9592185936A400E8BAB5 /* Entry.h */,
				EAAC9593185936A400E8BAB5 /* Entry.m */,
				EA048CA81860831E00990957 /* Todo.h */,
				EA048CA91860832500990957 /* Todo.m */,
			);
			name = Data;
			sourceTree = "<group>";
		};
		EA10F1241860EDF40084F6C8 /* App */ = {
			isa = PBXGroup;
			children = (
				EAAC95611858F7D400E8BAB5 /* Main_iPhone.storyboard */,
				EAAC955E1858F7D400E8BAB5 /* KurikuAppDelegate.h */,
				EAAC955F1858F7D400E8BAB5 /* KurikuAppDelegate.m */,
			);
			name = App;
			sourceTree = "<group>";
		};
		EA20528B187AEBD700B8330B /* Custom */ = {
			isa = PBXGroup;
			children = (
				EA205288187AE04F00B8330B /* TMGrowingTextView.h */,
				EA205289187AE04F00B8330B /* TMGrowingTextView.m */,
				EA5386AA1900A37F00D6266A /* NSDate+Kuriku.h */,
				EA5386AB1900A37F00D6266A /* NSDate+Kuriku.m */,
				EAB280E419100E6A002DCA46 /* TMExtras.h */,
				EAB280E519100EC5002DCA46 /* TMExtras.c */,
			);
			name = Custom;
			sourceTree = "<group>";
		};
		EA61241918EED66300DE8E75 /* Journal */ = {
			isa = PBXGroup;
			children = (
				EA048CBE1860C93600990957 /* EntryCell.m */,
				EA048CBD1860C92A00990957 /* EntryCell.h */,
				EAAC95671858F7D400E8BAB5 /* JournalViewController.h */,
				EAAC95681858F7D400E8BAB5 /* JournalViewController.m */,
				EA116BB019098FE7005EA252 /* GradientBar.h */,
				EA116BB119098FE7005EA252 /* GradientBar.m */,
				EAC10B8C19130FF500ABBDB2 /* GlowView.h */,
				EAC10B8D19130FF500ABBDB2 /* GlowView.m */,
			);
			name = Journal;
			sourceTree = "<group>";
		};
		EA61241A18EED67700DE8E75 /* Edit Todo */ = {
			isa = PBXGroup;
			children = (
				EABAAC92186B702D00F2FBE6 /* DatePickerViewController.h */,
				EABAAC93186B702D00F2FBE6 /* DatePickerViewController.m */,
				EA3C0C09187029BF00EF1DAC /* RepeatViewController.h */,
				EA3C0C0A187029BF00EF1DAC /* RepeatViewController.m */,
			);
			name = "Edit Todo";
			sourceTree = "<group>";
		};
		EAAC95431858F7D400E8BAB5 = {
			isa = PBXGroup;
			children = (
				EAAC95551858F7D400E8BAB5 /* Kuriku */,
				EAAC957A1858F7D400E8BAB5 /* Tests */,
				EAAC954E1858F7D400E8BAB5 /* Frameworks */,
				EAAC954D1858F7D400E8BAB5 /* Products */,
				EA10F1261861B2FF0084F6C8 /* TODO.md */,
				21929118DB794CAF90B0487F /* Pods-Kuriku.xcconfig */,
				8472E83811B44911987F73B3 /* Pods-KurikuTests.xcconfig */,
			);
			sourceTree = "<group>";
		};
		EAAC954D1858F7D400E8BAB5 /* Products */ = {
			isa = PBXGroup;
			children = (
				EAAC954C1858F7D400E8BAB5 /* Kuriku.app */,
				EAAC95731858F7D400E8BAB5 /* KurikuTests.xctest */,
			);
			name = Products;
			sourceTree = "<group>";
		};
		EAAC954E1858F7D400E8BAB5 /* Frameworks */ = {
			isa = PBXGroup;
			children = (
				EA40F7A31873F7EF005DC6AA /* QuartzCore.framework */,
				EA40F7A11873F7E9005DC6AA /* CoreText.framework */,
				EA89E74F185C136400643266 /* CoreData.framework */,
				EAAC954F1858F7D400E8BAB5 /* Foundation.framework */,
				EAAC95511858F7D400E8BAB5 /* CoreGraphics.framework */,
				EAAC95531858F7D400E8BAB5 /* UIKit.framework */,
				EAAC95741858F7D400E8BAB5 /* XCTest.framework */,
				9F11D2E34FF94EF8A9986734 /* libPods-Kuriku.a */,
				0CD806017E3940ACA394F92F /* libPods-KurikuTests.a */,
			);
			name = Frameworks;
			sourceTree = "<group>";
		};
		EAAC95551858F7D400E8BAB5 /* Kuriku */ = {
			isa = PBXGroup;
			children = (
				EA10F1241860EDF40084F6C8 /* App */,
				EA61241918EED66300DE8E75 /* Journal */,
				EA61241A18EED67700DE8E75 /* Edit Todo */,
				EA048CAB186083FF00990957 /* Data */,
				EA20528B187AEBD700B8330B /* Custom */,
				EAAC95561858F7D400E8BAB5 /* Supporting Files */,
				EAAC956D1858F7D400E8BAB5 /* Images.xcassets */,
				EA7307301889F0F5008C8F39 /* Kuriku.nss */,
			);
			path = Kuriku;
			sourceTree = "<group>";
		};
		EAAC95561858F7D400E8BAB5 /* Supporting Files */ = {
			isa = PBXGroup;
			children = (
				EAAC95571858F7D400E8BAB5 /* Kuriku-Info.plist */,
				EAAC95581858F7D400E8BAB5 /* InfoPlist.strings */,
				EAAC955B1858F7D400E8BAB5 /* main.m */,
				EAAC955D1858F7D400E8BAB5 /* Kuriku-Prefix.pch */,
			);
			name = "Supporting Files";
			sourceTree = "<group>";
		};
		EAAC957A1858F7D400E8BAB5 /* Tests */ = {
			isa = PBXGroup;
			children = (
				EAAC95801858F7D400E8BAB5 /* TodoTests.m */,
				EA737BD9187676FD003A1BBE /* EntryTests.m */,
				EA737BD7187676B6003A1BBE /* JournalTests.m */,
				EAAC957B1858F7D400E8BAB5 /* Supporting Files */,
			);
			name = Tests;
			path = KurikuTests;
			sourceTree = "<group>";
		};
		EAAC957B1858F7D400E8BAB5 /* Supporting Files */ = {
			isa = PBXGroup;
			children = (
				EAAC957C1858F7D400E8BAB5 /* KurikuTests-Info.plist */,
				EAAC957D1858F7D400E8BAB5 /* InfoPlist.strings */,
			);
			name = "Supporting Files";
			sourceTree = "<group>";
		};
/* End PBXGroup section */

/* Begin PBXNativeTarget section */
		EAAC954B1858F7D400E8BAB5 /* Kuriku */ = {
			isa = PBXNativeTarget;
			buildConfigurationList = EAAC95841858F7D400E8BAB5 /* Build configuration list for PBXNativeTarget "Kuriku" */;
			buildPhases = (
				6EE91D824E604E72921D9F81 /* Check Pods Manifest.lock */,
				EAAC95481858F7D400E8BAB5 /* Sources */,
				EAAC95491858F7D400E8BAB5 /* Frameworks */,
				EAAC954A1858F7D400E8BAB5 /* Resources */,
				EE0BFDFB17AB46F6826FCE76 /* Copy Pods Resources */,
			);
			buildRules = (
			);
			dependencies = (
			);
			name = Kuriku;
			productName = Kuriku;
			productReference = EAAC954C1858F7D400E8BAB5 /* Kuriku.app */;
			productType = "com.apple.product-type.application";
		};
		EAAC95721858F7D400E8BAB5 /* KurikuTests */ = {
			isa = PBXNativeTarget;
			buildConfigurationList = EAAC95871858F7D400E8BAB5 /* Build configuration list for PBXNativeTarget "KurikuTests" */;
			buildPhases = (
				D74CCE97D93E406EA466BB28 /* Check Pods Manifest.lock */,
				EAAC956F1858F7D400E8BAB5 /* Sources */,
				EAAC95701858F7D400E8BAB5 /* Frameworks */,
				EAAC95711858F7D400E8BAB5 /* Resources */,
				9713317003C14281A85780AE /* Copy Pods Resources */,
			);
			buildRules = (
			);
			dependencies = (
				EAAC95791858F7D400E8BAB5 /* PBXTargetDependency */,
			);
			name = KurikuTests;
			productName = KurikuTests;
			productReference = EAAC95731858F7D400E8BAB5 /* KurikuTests.xctest */;
			productType = "com.apple.product-type.bundle.unit-test";
		};
/* End PBXNativeTarget section */

/* Begin PBXProject section */
		EAAC95441858F7D400E8BAB5 /* Project object */ = {
			isa = PBXProject;
			attributes = {
				CLASSPREFIX = "";
				LastUpgradeCheck = 0510;
				ORGANIZATIONNAME = 7Actions;
				TargetAttributes = {
					EAAC954B1858F7D400E8BAB5 = {
						DevelopmentTeam = 4EP8R7MPG5;
					};
					EAAC95721858F7D400E8BAB5 = {
						TestTargetID = EAAC954B1858F7D400E8BAB5;
					};
				};
			};
			buildConfigurationList = EAAC95471858F7D400E8BAB5 /* Build configuration list for PBXProject "Kuriku" */;
			compatibilityVersion = "Xcode 3.2";
			developmentRegion = English;
			hasScannedForEncodings = 0;
			knownRegions = (
				en,
				Base,
			);
			mainGroup = EAAC95431858F7D400E8BAB5;
			productRefGroup = EAAC954D1858F7D400E8BAB5 /* Products */;
			projectDirPath = "";
			projectRoot = "";
			targets = (
				EAAC954B1858F7D400E8BAB5 /* Kuriku */,
				EAAC95721858F7D400E8BAB5 /* KurikuTests */,
			);
		};
/* End PBXProject section */

/* Begin PBXResourcesBuildPhase section */
		EAAC954A1858F7D400E8BAB5 /* Resources */ = {
			isa = PBXResourcesBuildPhase;
			buildActionMask = 2147483647;
			files = (
				EA7307311889F0F5008C8F39 /* Kuriku.nss in Resources */,
				EAAC956E1858F7D400E8BAB5 /* Images.xcassets in Resources */,
				EAAC95631858F7D400E8BAB5 /* Main_iPhone.storyboard in Resources */,
				EAAC955A1858F7D400E8BAB5 /* InfoPlist.strings in Resources */,
				EA10F1271861B2FF0084F6C8 /* TODO.md in Resources */,
			);
			runOnlyForDeploymentPostprocessing = 0;
		};
		EAAC95711858F7D400E8BAB5 /* Resources */ = {
			isa = PBXResourcesBuildPhase;
			buildActionMask = 2147483647;
			files = (
				EAAC957F1858F7D400E8BAB5 /* InfoPlist.strings in Resources */,
			);
			runOnlyForDeploymentPostprocessing = 0;
		};
/* End PBXResourcesBuildPhase section */

/* Begin PBXShellScriptBuildPhase section */
		6EE91D824E604E72921D9F81 /* Check Pods Manifest.lock */ = {
			isa = PBXShellScriptBuildPhase;
			buildActionMask = 2147483647;
			files = (
			);
			inputPaths = (
			);
			name = "Check Pods Manifest.lock";
			outputPaths = (
			);
			runOnlyForDeploymentPostprocessing = 0;
			shellPath = /bin/sh;
			shellScript = "diff \"${PODS_ROOT}/../Podfile.lock\" \"${PODS_ROOT}/Manifest.lock\" > /dev/null\nif [[ $? != 0 ]] ; then\n    cat << EOM\nerror: The sandbox is not in sync with the Podfile.lock. Run 'pod install' or update your CocoaPods installation.\nEOM\n    exit 1\nfi\n";
			showEnvVarsInLog = 0;
		};
		9713317003C14281A85780AE /* Copy Pods Resources */ = {
			isa = PBXShellScriptBuildPhase;
			buildActionMask = 2147483647;
			files = (
			);
			inputPaths = (
			);
			name = "Copy Pods Resources";
			outputPaths = (
			);
			runOnlyForDeploymentPostprocessing = 0;
			shellPath = /bin/sh;
			shellScript = "\"${SRCROOT}/Pods/Pods-KurikuTests-resources.sh\"\n";
			showEnvVarsInLog = 0;
		};
		D74CCE97D93E406EA466BB28 /* Check Pods Manifest.lock */ = {
			isa = PBXShellScriptBuildPhase;
			buildActionMask = 2147483647;
			files = (
			);
			inputPaths = (
			);
			name = "Check Pods Manifest.lock";
			outputPaths = (
			);
			runOnlyForDeploymentPostprocessing = 0;
			shellPath = /bin/sh;
			shellScript = "diff \"${PODS_ROOT}/../Podfile.lock\" \"${PODS_ROOT}/Manifest.lock\" > /dev/null\nif [[ $? != 0 ]] ; then\n    cat << EOM\nerror: The sandbox is not in sync with the Podfile.lock. Run 'pod install' or update your CocoaPods installation.\nEOM\n    exit 1\nfi\n";
			showEnvVarsInLog = 0;
		};
		EE0BFDFB17AB46F6826FCE76 /* Copy Pods Resources */ = {
			isa = PBXShellScriptBuildPhase;
			buildActionMask = 2147483647;
			files = (
			);
			inputPaths = (
			);
			name = "Copy Pods Resources";
			outputPaths = (
			);
			runOnlyForDeploymentPostprocessing = 0;
			shellPath = /bin/sh;
			shellScript = "\"${SRCROOT}/Pods/Pods-Kuriku-resources.sh\"\n";
			showEnvVarsInLog = 0;
		};
/* End PBXShellScriptBuildPhase section */

/* Begin PBXSourcesBuildPhase section */
		EAAC95481858F7D400E8BAB5 /* Sources */ = {
			isa = PBXSourcesBuildPhase;
			buildActionMask = 2147483647;
			files = (
				EA3C0C0B187029BF00EF1DAC /* RepeatViewController.m in Sources */,
				EAAC9591185936A300E8BAB5 /* Journal.m in Sources */,
				EAAEEB1B187E1EE80098C4F0 /* Kuriku.xcdatamodeld in Sources */,
				EAAC9594185936A400E8BAB5 /* Entry.m in Sources */,
				EA5386AC1900A37F00D6266A /* NSDate+Kuriku.m in Sources */,
				EAB280E619100EC5002DCA46 /* TMExtras.c in Sources */,
				EAC10B8E19130FF500ABBDB2 /* GlowView.m in Sources */,
				EABAAC94186B702D00F2FBE6 /* DatePickerViewController.m in Sources */,
				EAAC95601858F7D400E8BAB5 /* KurikuAppDelegate.m in Sources */,
				EAAC95691858F7D400E8BAB5 /* JournalViewController.m in Sources */,
				EA20528A187AE04F00B8330B /* TMGrowingTextView.m in Sources */,
				EA048CBF1860C93600990957 /* EntryCell.m in Sources */,
				EAAC955C1858F7D400E8BAB5 /* main.m in Sources */,
				EA116BB219098FE7005EA252 /* GradientBar.m in Sources */,
				EA048CAA1860832500990957 /* Todo.m in Sources */,
			);
			runOnlyForDeploymentPostprocessing = 0;
		};
		EAAC956F1858F7D400E8BAB5 /* Sources */ = {
			isa = PBXSourcesBuildPhase;
			buildActionMask = 2147483647;
			files = (
				EA737BD8187676B6003A1BBE /* JournalTests.m in Sources */,
				EAAC95811858F7D400E8BAB5 /* TodoTests.m in Sources */,
				EA737BDA187676FD003A1BBE /* EntryTests.m in Sources */,
			);
			runOnlyForDeploymentPostprocessing = 0;
		};
/* End PBXSourcesBuildPhase section */

/* Begin PBXTargetDependency section */
		EAAC95791858F7D400E8BAB5 /* PBXTargetDependency */ = {
			isa = PBXTargetDependency;
			target = EAAC954B1858F7D400E8BAB5 /* Kuriku */;
			targetProxy = EAAC95781858F7D400E8BAB5 /* PBXContainerItemProxy */;
		};
/* End PBXTargetDependency section */

/* Begin PBXVariantGroup section */
		EAAC95581858F7D400E8BAB5 /* InfoPlist.strings */ = {
			isa = PBXVariantGroup;
			children = (
				EAAC95591858F7D400E8BAB5 /* en */,
			);
			name = InfoPlist.strings;
			sourceTree = "<group>";
		};
		EAAC95611858F7D400E8BAB5 /* Main_iPhone.storyboard */ = {
			isa = PBXVariantGroup;
			children = (
				EAAC95621858F7D400E8BAB5 /* Base */,
			);
			name = Main_iPhone.storyboard;
			sourceTree = "<group>";
		};
		EAAC957D1858F7D400E8BAB5 /* InfoPlist.strings */ = {
			isa = PBXVariantGroup;
			children = (
				EAAC957E1858F7D400E8BAB5 /* en */,
			);
			name = InfoPlist.strings;
			sourceTree = "<group>";
		};
/* End PBXVariantGroup section */

/* Begin XCBuildConfiguration section */
		EAAC95821858F7D400E8BAB5 /* Debug */ = {
			isa = XCBuildConfiguration;
			buildSettings = {
				ALWAYS_SEARCH_USER_PATHS = NO;
				CLANG_CXX_LANGUAGE_STANDARD = "gnu++0x";
				CLANG_CXX_LIBRARY = "libc++";
				CLANG_ENABLE_MODULES = YES;
				CLANG_ENABLE_OBJC_ARC = YES;
				CLANG_WARN_BOOL_CONVERSION = YES;
				CLANG_WARN_CONSTANT_CONVERSION = YES;
				CLANG_WARN_DIRECT_OBJC_ISA_USAGE = YES_ERROR;
				CLANG_WARN_EMPTY_BODY = YES;
				CLANG_WARN_ENUM_CONVERSION = YES;
				CLANG_WARN_INT_CONVERSION = YES;
				CLANG_WARN_OBJC_ROOT_CLASS = YES_ERROR;
				CLANG_WARN__DUPLICATE_METHOD_MATCH = YES;
				"CODE_SIGN_IDENTITY[sdk=iphoneos*]" = "iPhone Developer";
				COPY_PHASE_STRIP = NO;
				GCC_C_LANGUAGE_STANDARD = gnu99;
				GCC_DYNAMIC_NO_PIC = NO;
				GCC_OPTIMIZATION_LEVEL = 0;
				GCC_PREPROCESSOR_DEFINITIONS = (
					"DEBUG=1",
					"$(inherited)",
				);
				GCC_SYMBOLS_PRIVATE_EXTERN = NO;
				GCC_WARN_64_TO_32_BIT_CONVERSION = YES;
				GCC_WARN_ABOUT_RETURN_TYPE = YES_ERROR;
				GCC_WARN_UNDECLARED_SELECTOR = YES;
				GCC_WARN_UNINITIALIZED_AUTOS = YES;
				GCC_WARN_UNUSED_FUNCTION = YES;
				GCC_WARN_UNUSED_VARIABLE = YES;
				IPHONEOS_DEPLOYMENT_TARGET = 7.0;
				ONLY_ACTIVE_ARCH = YES;
				SDKROOT = iphoneos;
				TARGETED_DEVICE_FAMILY = "1,2";
			};
			name = Debug;
		};
		EAAC95831858F7D400E8BAB5 /* Release */ = {
			isa = XCBuildConfiguration;
			buildSettings = {
				ALWAYS_SEARCH_USER_PATHS = NO;
				CLANG_CXX_LANGUAGE_STANDARD = "gnu++0x";
				CLANG_CXX_LIBRARY = "libc++";
				CLANG_ENABLE_MODULES = YES;
				CLANG_ENABLE_OBJC_ARC = YES;
				CLANG_WARN_BOOL_CONVERSION = YES;
				CLANG_WARN_CONSTANT_CONVERSION = YES;
				CLANG_WARN_DIRECT_OBJC_ISA_USAGE = YES_ERROR;
				CLANG_WARN_EMPTY_BODY = YES;
				CLANG_WARN_ENUM_CONVERSION = YES;
				CLANG_WARN_INT_CONVERSION = YES;
				CLANG_WARN_OBJC_ROOT_CLASS = YES_ERROR;
				CLANG_WARN__DUPLICATE_METHOD_MATCH = YES;
				"CODE_SIGN_IDENTITY[sdk=iphoneos*]" = "iPhone Developer";
				COPY_PHASE_STRIP = YES;
				ENABLE_NS_ASSERTIONS = NO;
				GCC_C_LANGUAGE_STANDARD = gnu99;
				GCC_WARN_64_TO_32_BIT_CONVERSION = YES;
				GCC_WARN_ABOUT_RETURN_TYPE = YES_ERROR;
				GCC_WARN_UNDECLARED_SELECTOR = YES;
				GCC_WARN_UNINITIALIZED_AUTOS = YES;
				GCC_WARN_UNUSED_FUNCTION = YES;
				GCC_WARN_UNUSED_VARIABLE = YES;
				IPHONEOS_DEPLOYMENT_TARGET = 7.0;
				SDKROOT = iphoneos;
				TARGETED_DEVICE_FAMILY = "1,2";
				VALIDATE_PRODUCT = YES;
			};
			name = Release;
		};
		EAAC95851858F7D400E8BAB5 /* Debug */ = {
			isa = XCBuildConfiguration;
			baseConfigurationReference = 21929118DB794CAF90B0487F /* Pods-Kuriku.xcconfig */;
			buildSettings = {
				ASSETCATALOG_COMPILER_APPICON_NAME = AppIcon;
				ASSETCATALOG_COMPILER_LAUNCHIMAGE_NAME = LaunchImage;
				CODE_SIGN_IDENTITY = "iPhone Developer";
				"CODE_SIGN_IDENTITY[sdk=iphoneos*]" = "iPhone Developer";
				GCC_PRECOMPILE_PREFIX_HEADER = YES;
				GCC_PREFIX_HEADER = "Kuriku/Kuriku-Prefix.pch";
				INFOPLIST_FILE = "Kuriku/Kuriku-Info.plist";
				IPHONEOS_DEPLOYMENT_TARGET = 7.0;
				PRODUCT_NAME = "$(TARGET_NAME)";
				PROVISIONING_PROFILE = "";
				TARGETED_DEVICE_FAMILY = 1;
				WRAPPER_EXTENSION = app;
			};
			name = Debug;
		};
		EAAC95861858F7D400E8BAB5 /* Release */ = {
			isa = XCBuildConfiguration;
			baseConfigurationReference = 21929118DB794CAF90B0487F /* Pods-Kuriku.xcconfig */;
			buildSettings = {
				ASSETCATALOG_COMPILER_APPICON_NAME = AppIcon;
				ASSETCATALOG_COMPILER_LAUNCHIMAGE_NAME = LaunchImage;
				CODE_SIGN_IDENTITY = "iPhone Developer";
				"CODE_SIGN_IDENTITY[sdk=iphoneos*]" = "iPhone Developer";
				GCC_PRECOMPILE_PREFIX_HEADER = YES;
				GCC_PREFIX_HEADER = "Kuriku/Kuriku-Prefix.pch";
				INFOPLIST_FILE = "Kuriku/Kuriku-Info.plist";
				IPHONEOS_DEPLOYMENT_TARGET = 7.0;
				PRODUCT_NAME = "$(TARGET_NAME)";
				PROVISIONING_PROFILE = "";
				TARGETED_DEVICE_FAMILY = 1;
				WRAPPER_EXTENSION = app;
			};
			name = Release;
		};
		EAAC95881858F7D400E8BAB5 /* Debug */ = {
			isa = XCBuildConfiguration;
			baseConfigurationReference = 8472E83811B44911987F73B3 /* Pods-KurikuTests.xcconfig */;
			buildSettings = {
				BUNDLE_LOADER = "$(BUILT_PRODUCTS_DIR)/Kuriku.app/Kuriku";
				FRAMEWORK_SEARCH_PATHS = (
					"$(SDKROOT)/Developer/Library/Frameworks",
					"$(inherited)",
					"$(DEVELOPER_FRAMEWORKS_DIR)",
				);
				GCC_PRECOMPILE_PREFIX_HEADER = YES;
				GCC_PREFIX_HEADER = "Kuriku/Kuriku-Prefix.pch";
				GCC_PREPROCESSOR_DEFINITIONS = (
					"DEBUG=1",
					"$(inherited)",
				);
				INFOPLIST_FILE = "KurikuTests/KurikuTests-Info.plist";
				PRODUCT_NAME = "$(TARGET_NAME)";
				TEST_HOST = "$(BUNDLE_LOADER)";
				WRAPPER_EXTENSION = xctest;
			};
			name = Debug;
		};
		EAAC95891858F7D400E8BAB5 /* Release */ = {
			isa = XCBuildConfiguration;
			baseConfigurationReference = 8472E83811B44911987F73B3 /* Pods-KurikuTests.xcconfig */;
			buildSettings = {
				BUNDLE_LOADER = "$(BUILT_PRODUCTS_DIR)/Kuriku.app/Kuriku";
				FRAMEWORK_SEARCH_PATHS = (
					"$(SDKROOT)/Developer/Library/Frameworks",
					"$(inherited)",
					"$(DEVELOPER_FRAMEWORKS_DIR)",
				);
				GCC_PRECOMPILE_PREFIX_HEADER = YES;
				GCC_PREFIX_HEADER = "Kuriku/Kuriku-Prefix.pch";
				INFOPLIST_FILE = "KurikuTests/KurikuTests-Info.plist";
				PRODUCT_NAME = "$(TARGET_NAME)";
				TEST_HOST = "$(BUNDLE_LOADER)";
				WRAPPER_EXTENSION = xctest;
			};
			name = Release;
		};
/* End XCBuildConfiguration section */

/* Begin XCConfigurationList section */
		EAAC95471858F7D400E8BAB5 /* Build configuration list for PBXProject "Kuriku" */ = {
			isa = XCConfigurationList;
			buildConfigurations = (
				EAAC95821858F7D400E8BAB5 /* Debug */,
				EAAC95831858F7D400E8BAB5 /* Release */,
			);
			defaultConfigurationIsVisible = 0;
			defaultConfigurationName = Release;
		};
		EAAC95841858F7D400E8BAB5 /* Build configuration list for PBXNativeTarget "Kuriku" */ = {
			isa = XCConfigurationList;
			buildConfigurations = (
				EAAC95851858F7D400E8BAB5 /* Debug */,
				EAAC95861858F7D400E8BAB5 /* Release */,
			);
			defaultConfigurationIsVisible = 0;
			defaultConfigurationName = Release;
		};
		EAAC95871858F7D400E8BAB5 /* Build configuration list for PBXNativeTarget "KurikuTests" */ = {
			isa = XCConfigurationList;
			buildConfigurations = (
				EAAC95881858F7D400E8BAB5 /* Debug */,
				EAAC95891858F7D400E8BAB5 /* Release */,
			);
			defaultConfigurationIsVisible = 0;
			defaultConfigurationName = Release;
		};
/* End XCConfigurationList section */

/* Begin XCVersionGroup section */
		EAAEEB0E187E1EE80098C4F0 /* Kuriku.xcdatamodeld */ = {
			isa = XCVersionGroup;
			children = (
				EA44731E18FEF1B800231321 /* Kuriku20.xcdatamodel */,
				EA44731718FDDA2900231321 /* Kuriku19.xcdatamodel */,
				EA490C9B18FD66FE0083660B /* Kuriku18.xcdatamodel */,
				EA025E5118F8F25B000C9214 /* Kuriku16.xcdatamodel */,
				EA589AF618FC5D6800B040D1 /* Kuriku17.xcdatamodel */,
				EA8267C11880886900CC6DE3 /* Kuriku14.xcdatamodel */,
				EA61241818EED35000DE8E75 /* Kuriku15.xcdatamodel */,
				EAAEEB0F187E1EE80098C4F0 /* Kuriku01.xcdatamodel */,
				EAAEEB10187E1EE80098C4F0 /* Kuriku10.xcdatamodel */,
				EAAEEB11187E1EE80098C4F0 /* Kuriku11.xcdatamodel */,
				EAAEEB12187E1EE80098C4F0 /* Kuriku12.xcdatamodel */,
				EAAEEB22187FFE6A0098C4F0 /* Kuriku13.xcdatamodel */,
				EAAEEB13187E1EE80098C4F0 /* Kuriku02.xcdatamodel */,
				EAAEEB14187E1EE80098C4F0 /* Kuriku03.xcdatamodel */,
				EAAEEB15187E1EE80098C4F0 /* Kuriku04.xcdatamodel */,
				EAAEEB16187E1EE80098C4F0 /* Kuriku05.xcdatamodel */,
				EAAEEB17187E1EE80098C4F0 /* Kuriku06.xcdatamodel */,
				EAAEEB18187E1EE80098C4F0 /* Kuriku07.xcdatamodel */,
				EAAEEB19187E1EE80098C4F0 /* Kuriku08.xcdatamodel */,
				EAAEEB1A187E1EE80098C4F0 /* Kuriku09.xcdatamodel */,
			);
			currentVersion = EA44731E18FEF1B800231321 /* Kuriku20.xcdatamodel */;
			path = Kuriku.xcdatamodeld;
			sourceTree = "<group>";
			versionGroupType = wrapper.xcdatamodel;
		};
/* End XCVersionGroup section */
	};
	rootObject = EAAC95441858F7D400E8BAB5 /* Project object */;
}
